
Microsoft Visual Studio Solution File, Format Version 12.00
# Visual Studio Version 16
VisualStudioVersion = 16.0.32126.315
MinimumVisualStudioVersion = 10.0.40219.1
Project("{FAE04EC0-301F-11D3-BF4B-00C04F79EFBC}") = "practica", "practica\practica.csproj", "{2FE56710-F621-48FE-B241-543DF9985C04}"
EndProject
Global
	GlobalSection(SolutionConfigurationPlatforms) = preSolution
		Debug|Any CPU = Debug|Any CPU
		Release|Any CPU = Release|Any CPU
	EndGlobalSection
	GlobalSection(ProjectConfigurationPlatforms) = postSolution
		{2FE56710-F621-48FE-B241-543DF9985C04}.Debug|Any CPU.ActiveCfg = Debug|Any CPU
		{2FE56710-F621-48FE-B241-543DF9985C04}.Debug|Any CPU.Build.0 = Debug|Any CPU
		{2FE56710-F621-48FE-B241-543DF9985C04}.Release|Any CPU.ActiveCfg = Release|Any CPU
		{2FE56710-F621-48FE-B241-543DF9985C04}.Release|Any CPU.Build.0 = Release|Any CPU
	EndGlobalSection
	GlobalSection(SolutionProperties) = preSolution
		HideSolutionNode = FALSE
	EndGlobalSection
	GlobalSection(ExtensibilityGlobals) = postSolution
		SolutionGuid = {4EED58D3-9EE5-4E8D-9DF5-7B023062F447}
	EndGlobalSection
EndGlobal
